
Microsoft Visual Studio Solution File, Format Version 12.00
# Visual Studio Version 17
VisualStudioVersion = 17.3.32922.545
MinimumVisualStudioVersion = 10.0.40219.1
Project("{9A19103F-16F7-4668-BE54-9A1E7A4F7556}") = "DalFacade", "DalFacade\DalFacade.csproj", "{0B5CB357-2C9D-46F9-99A2-8E4D826EB128}"
EndProject
Project("{9A19103F-16F7-4668-BE54-9A1E7A4F7556}") = "DalList", "DalList\DalList.csproj", "{81D59A82-2756-4BD0-AAA7-4DAC93FC6A6F}"
EndProject
Project("{9A19103F-16F7-4668-BE54-9A1E7A4F7556}") = "DalTest", "DalTest\DalTest.csproj", "{10F01F02-1345-4FEE-80DF-ADA6DD307188}"
EndProject
Project("{9A19103F-16F7-4668-BE54-9A1E7A4F7556}") = "BL", "BL\BL.csproj", "{6B3CBB4C-C97E-496A-B2D2-B6BC9469885A}"
EndProject
Project("{9A19103F-16F7-4668-BE54-9A1E7A4F7556}") = "BlTest", "BlTest\BlTest.csproj", "{F7D107FF-4DA3-4FD0-B173-EC1F786E2BDD}"
EndProject
Project("{9A19103F-16F7-4668-BE54-9A1E7A4F7556}") = "PL", "PL\PL.csproj", "{EE395DAB-5F4B-4A60-BEDC-3CB193D9B7F3}"
EndProject
Project("{2150E333-8FDC-42A3-9474-1A3956D46DE8}") = "xml", "xml", "{80E21F30-9F96-4542-BADA-054AD7F2D5B4}"
	ProjectSection(SolutionItems) = preProject
		xml\Config.xml = xml\Config.xml
		xml\dal-config.xml = xml\dal-config.xml
		xml\products.xml = xml\products.xml
	EndProjectSection
EndProject
Project("{9A19103F-16F7-4668-BE54-9A1E7A4F7556}") = "DalXml", "DalXml\DalXml.csproj", "{CE5C193A-AA0A-451F-AC4C-67DD01B4D24C}"
EndProject
Global
	GlobalSection(SolutionConfigurationPlatforms) = preSolution
		Debug|Any CPU = Debug|Any CPU
		Release|Any CPU = Release|Any CPU
	EndGlobalSection
	GlobalSection(ProjectConfigurationPlatforms) = postSolution
		{0B5CB357-2C9D-46F9-99A2-8E4D826EB128}.Debug|Any CPU.ActiveCfg = Debug|Any CPU
		{0B5CB357-2C9D-46F9-99A2-8E4D826EB128}.Debug|Any CPU.Build.0 = Debug|Any CPU
		{0B5CB357-2C9D-46F9-99A2-8E4D826EB128}.Release|Any CPU.ActiveCfg = Release|Any CPU
		{0B5CB357-2C9D-46F9-99A2-8E4D826EB128}.Release|Any CPU.Build.0 = Release|Any CPU
		{81D59A82-2756-4BD0-AAA7-4DAC93FC6A6F}.Debug|Any CPU.ActiveCfg = Debug|Any CPU
		{81D59A82-2756-4BD0-AAA7-4DAC93FC6A6F}.Debug|Any CPU.Build.0 = Debug|Any CPU
		{81D59A82-2756-4BD0-AAA7-4DAC93FC6A6F}.Release|Any CPU.ActiveCfg = Release|Any CPU
		{81D59A82-2756-4BD0-AAA7-4DAC93FC6A6F}.Release|Any CPU.Build.0 = Release|Any CPU
		{10F01F02-1345-4FEE-80DF-ADA6DD307188}.Debug|Any CPU.ActiveCfg = Debug|Any CPU
		{10F01F02-1345-4FEE-80DF-ADA6DD307188}.Debug|Any CPU.Build.0 = Debug|Any CPU
		{10F01F02-1345-4FEE-80DF-ADA6DD307188}.Release|Any CPU.ActiveCfg = Release|Any CPU
		{10F01F02-1345-4FEE-80DF-ADA6DD307188}.Release|Any CPU.Build.0 = Release|Any CPU
		{6B3CBB4C-C97E-496A-B2D2-B6BC9469885A}.Debug|Any CPU.ActiveCfg = Debug|Any CPU
		{6B3CBB4C-C97E-496A-B2D2-B6BC9469885A}.Debug|Any CPU.Build.0 = Debug|Any CPU
		{6B3CBB4C-C97E-496A-B2D2-B6BC9469885A}.Release|Any CPU.ActiveCfg = Release|Any CPU
		{6B3CBB4C-C97E-496A-B2D2-B6BC9469885A}.Release|Any CPU.Build.0 = Release|Any CPU
		{F7D107FF-4DA3-4FD0-B173-EC1F786E2BDD}.Debug|Any CPU.ActiveCfg = Debug|Any CPU
		{F7D107FF-4DA3-4FD0-B173-EC1F786E2BDD}.Debug|Any CPU.Build.0 = Debug|Any CPU
		{F7D107FF-4DA3-4FD0-B173-EC1F786E2BDD}.Release|Any CPU.ActiveCfg = Release|Any CPU
		{F7D107FF-4DA3-4FD0-B173-EC1F786E2BDD}.Release|Any CPU.Build.0 = Release|Any CPU
		{EE395DAB-5F4B-4A60-BEDC-3CB193D9B7F3}.Debug|Any CPU.ActiveCfg = Debug|Any CPU
		{EE395DAB-5F4B-4A60-BEDC-3CB193D9B7F3}.Debug|Any CPU.Build.0 = Debug|Any CPU
		{EE395DAB-5F4B-4A60-BEDC-3CB193D9B7F3}.Release|Any CPU.ActiveCfg = Release|Any CPU
		{EE395DAB-5F4B-4A60-BEDC-3CB193D9B7F3}.Release|Any CPU.Build.0 = Release|Any CPU
		{CE5C193A-AA0A-451F-AC4C-67DD01B4D24C}.Debug|Any CPU.ActiveCfg = Debug|Any CPU
		{CE5C193A-AA0A-451F-AC4C-67DD01B4D24C}.Debug|Any CPU.Build.0 = Debug|Any CPU
		{CE5C193A-AA0A-451F-AC4C-67DD01B4D24C}.Release|Any CPU.ActiveCfg = Release|Any CPU
		{CE5C193A-AA0A-451F-AC4C-67DD01B4D24C}.Release|Any CPU.Build.0 = Release|Any CPU
	EndGlobalSection
	GlobalSection(SolutionProperties) = preSolution
		HideSolutionNode = FALSE
	EndGlobalSection
	GlobalSection(ExtensibilityGlobals) = postSolution
		SolutionGuid = {CBC2BCC1-E13C-4763-8CB9-9F209BF52F28}
	EndGlobalSection
EndGlobal
